{
  "name": "ast",
  "version": "1.0.0",
  "lockfileVersion": 1,
  "requires": true,
  "dependencies": {
    "ast-types": {
      "version": "0.13.2",
      "resolved": "http://172.20.176.77:4873/ast-types/-/ast-types-0.13.2.tgz",
      "integrity": "sha1-3zm2d6kRqD86BJZE+3T93tI86kg="
    },
    "esprima": {
      "version": "4.0.1",
      "resolved": "http://172.20.176.77:4873/esprima/-/esprima-4.0.1.tgz",
      "integrity": "sha1-E7BM2z5sXRnfkatph6hpVhmwqnE="
    },
    "private": {
      "version": "0.1.8",
      "resolved": "http://172.20.176.77:4873/private/-/private-0.1.8.tgz",
      "integrity": "sha1-I4Hts2ifelPWUxkAYPz4ItLzaP8="
    },
    "recast": {
      "version": "0.18.5",
      "resolved": "http://172.20.176.77:4873/recast/-/recast-0.18.5.tgz",
      "integrity": "sha1-nVrbwHmDo8gUXzA0gSN0pJPg/k0=",
      "requires": {
        "ast-types": "0.13.2",
        "esprima": "~4.0.0",
        "private": "^0.1.8",
        "source-map": "~0.6.1"
      }
    },
    "source-map": {
      "version": "0.6.1",
      "resolved": "http://172.20.176.77:4873/source-map/-/source-map-0.6.1.tgz",
      "integrity": "sha1-dHIq8y6WFOnCh6jQu95IteLxomM="
    }
  }
}
